
Microsoft Visual Studio Solution File, Format Version 12.00
# Visual Studio Version 16
VisualStudioVersion = 16.0.31424.327
MinimumVisualStudioVersion = 10.0.40219.1
Project("{8BC9CEB8-8B4A-11D0-8D11-00A0C91BC942}") = "18_X", "18_X.vcxproj", "{854CA222-DA16-4DA0-B8C9-68926F3CE4F6}"
EndProject
Global
	GlobalSection(SolutionConfigurationPlatforms) = preSolution
		Debug|x64 = Debug|x64
		Debug|x86 = Debug|x86
		Release|x64 = Release|x64
		Release|x86 = Release|x86
	EndGlobalSection
	GlobalSection(ProjectConfigurationPlatforms) = postSolution
		{854CA222-DA16-4DA0-B8C9-68926F3CE4F6}.Debug|x64.ActiveCfg = Debug|x64
		{854CA222-DA16-4DA0-B8C9-68926F3CE4F6}.Debug|x64.Build.0 = Debug|x64
		{854CA222-DA16-4DA0-B8C9-68926F3CE4F6}.Debug|x86.ActiveCfg = Debug|Win32
		{854CA222-DA16-4DA0-B8C9-68926F3CE4F6}.Debug|x86.Build.0 = Debug|Win32
		{854CA222-DA16-4DA0-B8C9-68926F3CE4F6}.Release|x64.ActiveCfg = Release|x64
		{854CA222-DA16-4DA0-B8C9-68926F3CE4F6}.Release|x64.Build.0 = Release|x64
		{854CA222-DA16-4DA0-B8C9-68926F3CE4F6}.Release|x86.ActiveCfg = Release|Win32
		{854CA222-DA16-4DA0-B8C9-68926F3CE4F6}.Release|x86.Build.0 = Release|Win32
	EndGlobalSection
	GlobalSection(SolutionProperties) = preSolution
		HideSolutionNode = FALSE
	EndGlobalSection
	GlobalSection(ExtensibilityGlobals) = postSolution
		SolutionGuid = {9AC0F5E0-71D5-40AC-9863-C1DA986B88A8}
	EndGlobalSection
EndGlobal
