<?xml version="1.0" encoding="utf-8"?>
<Project ToolsVersion="4.0" xmlns="http://schemas.microsoft.com/developer/msbuild/2003">
  <ItemGroup>
    <Filter Include="Source Files">
      <UniqueIdentifier>{4FC737F1-C7A5-4376-A066-2A32D752A2FF}</UniqueIdentifier>
      <Extensions>cpp;c;cc;cxx;c++;cppm;ixx;def;odl;idl;hpj;bat;asm;asmx</Extensions>
    </Filter>
    <Filter Include="Header Files">
      <UniqueIdentifier>{93995380-89BD-4b04-88EB-625FBE52EBFB}</UniqueIdentifier>
      <Extensions>h;hh;hpp;hxx;h++;hm;inl;inc;ipp;xsd</Extensions>
    </Filter>
    <Filter Include="Resource Files">
      <UniqueIdentifier>{67DA6AB6-F800-4c08-8B7A-83BB121AAD01}</UniqueIdentifier>
      <Extensions>rc;ico;cur;bmp;dlg;rc2;rct;bin;rgs;gif;jpg;jpeg;jpe;resx;tiff;tif;png;wav;mfcribbon-ms</Extensions>
    </Filter>
    <Filter Include="Source Files\Ch-7">
      <UniqueIdentifier>{d1387e65-03bd-453c-96d1-fd235e68b90d}</UniqueIdentifier>
    </Filter>
    <Filter Include="Source Files\Ch-8">
      <UniqueIdentifier>{97271dbb-9586-438b-a356-add59295951a}</UniqueIdentifier>
    </Filter>
    <Filter Include="Source Files\Ch-9">
      <UniqueIdentifier>{1718c1e7-0948-47eb-b92a-61934543a1d4}</UniqueIdentifier>
    </Filter>
    <Filter Include="Source Files\Ch-11">
      <UniqueIdentifier>{84431af9-f32e-44ed-a17e-180aedcbe0b0}</UniqueIdentifier>
    </Filter>
    <Filter Include="Source Files\Ch-11\11.6">
      <UniqueIdentifier>{a0cc6661-e173-4a96-a8f2-ea4c15d7f5b8}</UniqueIdentifier>
    </Filter>
    <Filter Include="Source Files\Ch-11\11.5">
      <UniqueIdentifier>{5feb305e-cd12-4c06-8ce0-93d1b94dde21}</UniqueIdentifier>
    </Filter>
    <Filter Include="Source Files\Ch-11\11.3">
      <UniqueIdentifier>{af1a056b-7fb5-4b72-87e2-f1738892d3ca}</UniqueIdentifier>
    </Filter>
    <Filter Include="Source Files\Ch-11\11.2">
      <UniqueIdentifier>{efe24ad6-d321-494e-a530-2fa545296f59}</UniqueIdentifier>
    </Filter>
    <Filter Include="Source Files\Ch-10">
      <UniqueIdentifier>{825192ed-6c63-44ba-9d05-451126bab1d4}</UniqueIdentifier>
    </Filter>
    <Filter Include="Source Files\Ch-10\10.5">
      <UniqueIdentifier>{906d93e5-9a42-4e78-b0ba-d77f3c3c26e5}</UniqueIdentifier>
    </Filter>
    <Filter Include="Source Files\Ch-10\10.9">
      <UniqueIdentifier>{4e2179b6-39ce-413b-9c09-16b75260b4ac}</UniqueIdentifier>
    </Filter>
    <Filter Include="Source Files\Ch-10\10.12">
      <UniqueIdentifier>{d0d1641b-38d3-4834-a8ed-0f4fa499e35b}</UniqueIdentifier>
    </Filter>
    <Filter Include="Source Files\Ch-10\10.15">
      <UniqueIdentifier>{3807052c-dbdd-4b5e-b53a-ecd03273e2e5}</UniqueIdentifier>
    </Filter>
    <Filter Include="Source Files\Ch-10\10.16">
      <UniqueIdentifier>{38664e6e-df53-4364-98c5-6c35fad2a830}</UniqueIdentifier>
    </Filter>
    <Filter Include="Source Files\Ch-10\10.X">
      <UniqueIdentifier>{730a2e72-7ea5-40bc-9866-fd08f01b33c8}</UniqueIdentifier>
    </Filter>
    <Filter Include="Source Files\Ch-11\11.7">
      <UniqueIdentifier>{e0b3c24b-2ba7-429f-81f5-df2b4e9c2b51}</UniqueIdentifier>
    </Filter>
    <Filter Include="Source Files\Ch-9\9.2">
      <UniqueIdentifier>{91b2be84-4312-415a-bdaf-591e519af029}</UniqueIdentifier>
    </Filter>
    <Filter Include="Source Files\Ch-9\9.3">
      <UniqueIdentifier>{df38a09d-9ae5-4e3c-b2a3-0cd86b16a98e}</UniqueIdentifier>
    </Filter>
    <Filter Include="Source Files\Ch-9\9.4">
      <UniqueIdentifier>{4c83906c-1bca-4072-b27b-0f5404884701}</UniqueIdentifier>
    </Filter>
    <Filter Include="Source Files\Ch-9\9.14">
      <UniqueIdentifier>{13396963-e9b9-4ca7-bd5d-f2042c52a1fb}</UniqueIdentifier>
    </Filter>
    <Filter Include="Source Files\Ch-9\9.X">
      <UniqueIdentifier>{3cc20874-5bce-4869-8868-747a06f3a363}</UniqueIdentifier>
    </Filter>
    <Filter Include="Source Files\Ch-11\11.15">
      <UniqueIdentifier>{be1d7e2d-3f6a-46a3-8dc4-e8f05b806bdb}</UniqueIdentifier>
    </Filter>
    <Filter Include="Source Files\Ch-8\8.X">
      <UniqueIdentifier>{0ecbd48e-cbc6-4d65-8a50-4bfaa01b25db}</UniqueIdentifier>
    </Filter>
    <Filter Include="Source Files\Ch-7\7.5">
      <UniqueIdentifier>{b49500cc-2733-4e2a-a77c-353794294cb5}</UniqueIdentifier>
    </Filter>
    <Filter Include="Source Files\Ch-7\7.7">
      <UniqueIdentifier>{95b6f7b2-3cea-427b-817b-ae9439cfed7e}</UniqueIdentifier>
    </Filter>
    <Filter Include="Source Files\Ch-7\7.X">
      <UniqueIdentifier>{9ca90c5a-345e-467d-8b03-0b5c4a53dce9}</UniqueIdentifier>
    </Filter>
    <Filter Include="Source Files\Ch-6">
      <UniqueIdentifier>{76a32f3c-b2ed-4e9e-8853-47da0d29ed0c}</UniqueIdentifier>
    </Filter>
    <Filter Include="Source Files\Ch-6\6.1">
      <UniqueIdentifier>{2eea272e-fc0a-4a25-9204-94dd416189a3}</UniqueIdentifier>
    </Filter>
    <Filter Include="Source Files\Ch-6\6.X">
      <UniqueIdentifier>{6f41be9e-5bab-4362-8dcb-55ca16183766}</UniqueIdentifier>
    </Filter>
  </ItemGroup>
  <ItemGroup>
    <ClCompile Include="CplusplusQuizes.cpp">
      <Filter>Source Files</Filter>
    </ClCompile>
    <ClCompile Include="Ch_11_6_Question1.cpp">
      <Filter>Source Files\Ch-11\11.6</Filter>
    </ClCompile>
    <ClCompile Include="Ch_11_5_Question1.cpp">
      <Filter>Source Files\Ch-11\11.5</Filter>
    </ClCompile>
    <ClCompile Include="Ch_11_3_Question1.cpp">
      <Filter>Source Files\Ch-11\11.3</Filter>
    </ClCompile>
    <ClCompile Include="Ch_11_3_Question3.cpp">
      <Filter>Source Files\Ch-11\11.3</Filter>
    </ClCompile>
    <ClCompile Include="Ch_11_2_Question1.cpp">
      <Filter>Source Files\Ch-11\11.2</Filter>
    </ClCompile>
    <ClCompile Include="Ch_10_5_Question1.cpp">
      <Filter>Source Files\Ch-10\10.5</Filter>
    </ClCompile>
    <ClCompile Include="Ch_10_9_Question1.cpp">
      <Filter>Source Files\Ch-10\10.9</Filter>
    </ClCompile>
    <ClCompile Include="Ch_10_12_Question1.cpp">
      <Filter>Source Files\Ch-10\10.12</Filter>
    </ClCompile>
    <ClCompile Include="Ch_10_15_Question1.cpp">
      <Filter>Source Files\Ch-10\10.15</Filter>
    </ClCompile>
    <ClCompile Include="Ch_10_15_Question2.cpp">
      <Filter>Source Files\Ch-10\10.15</Filter>
    </ClCompile>
    <ClCompile Include="Ch_10_16_Question1.cpp">
      <Filter>Source Files\Ch-10\10.16</Filter>
    </ClCompile>
    <ClCompile Include="Ch_10_X_Question1.cpp">
      <Filter>Source Files\Ch-10\10.X</Filter>
    </ClCompile>
    <ClCompile Include="Ch_10_X_Question2.cpp">
      <Filter>Source Files\Ch-10\10.X</Filter>
    </ClCompile>
    <ClCompile Include="Ch_11_7_Question1.cpp">
      <Filter>Source Files\Ch-11\11.7</Filter>
    </ClCompile>
    <ClCompile Include="Ch_9_2_Question1.cpp">
      <Filter>Source Files\Ch-9\9.2</Filter>
    </ClCompile>
    <ClCompile Include="Ch_9_2_Question2.cpp">
      <Filter>Source Files\Ch-9\9.2</Filter>
    </ClCompile>
    <ClCompile Include="Ch_9_3_Question1.cpp">
      <Filter>Source Files\Ch-9\9.3</Filter>
    </ClCompile>
    <ClCompile Include="Ch_9_3_Question2.cpp">
      <Filter>Source Files\Ch-9\9.3</Filter>
    </ClCompile>
    <ClCompile Include="Ch_9_3_Question3.cpp">
      <Filter>Source Files\Ch-9\9.3</Filter>
    </ClCompile>
    <ClCompile Include="Ch_9_4_Question1.cpp">
      <Filter>Source Files\Ch-9\9.4</Filter>
    </ClCompile>
    <ClCompile Include="Ch_9_4_Question2.cpp">
      <Filter>Source Files\Ch-9\9.4</Filter>
    </ClCompile>
    <ClCompile Include="Ch_9_4_Question3.cpp">
      <Filter>Source Files\Ch-9\9.4</Filter>
    </ClCompile>
    <ClCompile Include="Ch_9_4_Question4.cpp">
      <Filter>Source Files\Ch-9\9.4</Filter>
    </ClCompile>
    <ClCompile Include="Ch_9_14_Question1.cpp">
      <Filter>Source Files\Ch-9\9.14</Filter>
    </ClCompile>
    <ClCompile Include="Ch_9_X_Question1.cpp">
      <Filter>Source Files\Ch-9\9.X</Filter>
    </ClCompile>
    <ClCompile Include="Ch_9_X_Question2.cpp">
      <Filter>Source Files\Ch-9\9.X</Filter>
    </ClCompile>
    <ClCompile Include="Ch_9_X_Question3.cpp">
      <Filter>Source Files\Ch-9\9.X</Filter>
    </ClCompile>
    <ClCompile Include="Ch_9_X_Question4.cpp">
      <Filter>Source Files\Ch-9\9.X</Filter>
    </ClCompile>
    <ClCompile Include="Ch_9_X_Question6.cpp">
      <Filter>Source Files\Ch-9\9.X</Filter>
    </ClCompile>
    <ClCompile Include="Ch_11_15_Question1.cpp">
      <Filter>Source Files\Ch-11\11.15</Filter>
    </ClCompile>
    <ClCompile Include="Point3d.cpp">
      <Filter>Source Files\Ch-11\11.15</Filter>
    </ClCompile>
    <ClCompile Include="Vector3d.cpp">
      <Filter>Source Files\Ch-11\11.15</Filter>
    </ClCompile>
    <ClCompile Include="Ch_8_X_Question1.cpp">
      <Filter>Source Files\Ch-8\8.X</Filter>
    </ClCompile>
    <ClCompile Include="Ch_7_5_Question1.cpp">
      <Filter>Source Files\Ch-7\7.5</Filter>
    </ClCompile>
    <ClCompile Include="Ch_7_7_Question2.cpp">
      <Filter>Source Files\Ch-7\7.7</Filter>
    </ClCompile>
    <ClCompile Include="Ch_7_7_Question3.cpp">
      <Filter>Source Files\Ch-7\7.7</Filter>
    </ClCompile>
    <ClCompile Include="Ch_7_7_Question4.cpp">
      <Filter>Source Files\Ch-7\7.7</Filter>
    </ClCompile>
    <ClCompile Include="Ch_7_X_Question1.cpp">
      <Filter>Source Files\Ch-7\7.X</Filter>
    </ClCompile>
    <ClCompile Include="Ch_7_X_Question2.cpp">
      <Filter>Source Files\Ch-7\7.X</Filter>
    </ClCompile>
    <ClCompile Include="Ch_6_1_Question1.cpp">
      <Filter>Source Files\Ch-6\6.1</Filter>
    </ClCompile>
    <ClCompile Include="Ch_6_X_Question1.cpp">
      <Filter>Source Files\Ch-6\6.X</Filter>
    </ClCompile>
    <ClCompile Include="Ch_6_X_Question2.cpp">
      <Filter>Source Files\Ch-6\6.X</Filter>
    </ClCompile>
    <ClCompile Include="Ch_6_X_Question3.cpp">
      <Filter>Source Files\Ch-6\6.X</Filter>
    </ClCompile>
  </ItemGroup>
  <ItemGroup>
    <ClInclude Include="Point3d.h">
      <Filter>Source Files\Ch-11\11.15</Filter>
    </ClInclude>
    <ClInclude Include="Vector3d.h">
      <Filter>Source Files\Ch-11\11.15</Filter>
    </ClInclude>
    <ClInclude Include="constants.h">
      <Filter>Header Files</Filter>
    </ClInclude>
  </ItemGroup>
</Project>