
Microsoft Visual Studio Solution File, Format Version 12.00
# Visual Studio Version 16
VisualStudioVersion = 16.0.30907.101
MinimumVisualStudioVersion = 10.0.40219.1
Project("{8BC9CEB8-8B4A-11D0-8D11-00A0C91BC942}") = "local_variables_quiz_1", "local_variables_quiz_1.vcxproj", "{1648711D-598D-4FD2-A937-C04FD0A26305}"
EndProject
Global
	GlobalSection(SolutionConfigurationPlatforms) = preSolution
		Debug|x64 = Debug|x64
		Debug|x86 = Debug|x86
		Release|x64 = Release|x64
		Release|x86 = Release|x86
	EndGlobalSection
	GlobalSection(ProjectConfigurationPlatforms) = postSolution
		{1648711D-598D-4FD2-A937-C04FD0A26305}.Debug|x64.ActiveCfg = Debug|x64
		{1648711D-598D-4FD2-A937-C04FD0A26305}.Debug|x64.Build.0 = Debug|x64
		{1648711D-598D-4FD2-A937-C04FD0A26305}.Debug|x86.ActiveCfg = Debug|Win32
		{1648711D-598D-4FD2-A937-C04FD0A26305}.Debug|x86.Build.0 = Debug|Win32
		{1648711D-598D-4FD2-A937-C04FD0A26305}.Release|x64.ActiveCfg = Release|x64
		{1648711D-598D-4FD2-A937-C04FD0A26305}.Release|x64.Build.0 = Release|x64
		{1648711D-598D-4FD2-A937-C04FD0A26305}.Release|x86.ActiveCfg = Release|Win32
		{1648711D-598D-4FD2-A937-C04FD0A26305}.Release|x86.Build.0 = Release|Win32
	EndGlobalSection
	GlobalSection(SolutionProperties) = preSolution
		HideSolutionNode = FALSE
	EndGlobalSection
	GlobalSection(ExtensibilityGlobals) = postSolution
		SolutionGuid = {29C286AE-5B51-45B5-B859-042D59A858E3}
	EndGlobalSection
EndGlobal
